
Microsoft Visual Studio Solution File, Format Version 12.00
# Visual Studio Version 17
VisualStudioVersion = 17.4.33122.133
MinimumVisualStudioVersion = 10.0.40219.1
Project("{FAE04EC0-301F-11D3-BF4B-00C04F79EFBC}") = "consol_dice_game", "consol_dice_game\consol_dice_game.csproj", "{80F6C58B-240D-4F22-95C7-9D3AD899A355}"
EndProject
Global
	GlobalSection(SolutionConfigurationPlatforms) = preSolution
		Debug|Any CPU = Debug|Any CPU
		Release|Any CPU = Release|Any CPU
	EndGlobalSection
	GlobalSection(ProjectConfigurationPlatforms) = postSolution
		{80F6C58B-240D-4F22-95C7-9D3AD899A355}.Debug|Any CPU.ActiveCfg = Debug|Any CPU
		{80F6C58B-240D-4F22-95C7-9D3AD899A355}.Debug|Any CPU.Build.0 = Debug|Any CPU
		{80F6C58B-240D-4F22-95C7-9D3AD899A355}.Release|Any CPU.ActiveCfg = Release|Any CPU
		{80F6C58B-240D-4F22-95C7-9D3AD899A355}.Release|Any CPU.Build.0 = Release|Any CPU
	EndGlobalSection
	GlobalSection(SolutionProperties) = preSolution
		HideSolutionNode = FALSE
	EndGlobalSection
	GlobalSection(ExtensibilityGlobals) = postSolution
		SolutionGuid = {18268E86-624D-4917-A832-086B7CA24A7A}
	EndGlobalSection
EndGlobal
